{
  "name": "workflow-graph",
  "version": "1.0.0",
  "lockfileVersion": 3,
  "requires": true,
  "packages": {
    "": {
      "name": "workflow-graph",
      "version": "1.0.0",
      "dependencies": {
        "tslib": "2.3.0"
      },
      "devDependencies": {
        "@ctrl/tinycolor": "4.1.0"
      },
      "peerDependencies": {
        "@angular/common": "17.3.12",
        "@angular/core": "17.3.12",
        "@icholy/duration": "5.0.0",
        "ng-zorro-antd": "17.4.1"
      }
    },
    "node_modules/@angular/animations": {
      "version": "17.3.12",
      "resolved": "https://registry.npmjs.org/@angular/animations/-/animations-17.3.12.tgz",
      "integrity": "sha512-9hsdWF4gRRcVJtPcCcYLaX1CIyM9wUu6r+xRl6zU5hq8qhl35hig6ounz7CXFAzLf0WDBdM16bPHouVGaG76lg==",
      "peer": true,
      "dependencies": {
        "tslib": "^2.3.0"
      },
      "engines": {
        "node": "^18.13.0 || >=20.9.0"
      },
      "peerDependencies": {
        "@angular/core": "17.3.12"
      }
    },
    "node_modules/@angular/cdk": {
      "version": "17.3.10",
      "resolved": "https://registry.npmjs.org/@angular/cdk/-/cdk-17.3.10.tgz",
      "integrity": "sha512-b1qktT2c1TTTe5nTji/kFAVW92fULK0YhYAvJ+BjZTPKu2FniZNe8o4qqQ0pUuvtMu+ZQxp/QqFYoidIVCjScg==",
      "peer": true,
      "dependencies": {
        "tslib": "^2.3.0"
      },
      "optionalDependencies": {
        "parse5": "^7.1.2"
      },
      "peerDependencies": {
        "@angular/common": "^17.0.0 || ^18.0.0",
        "@angular/core": "^17.0.0 || ^18.0.0",
        "rxjs": "^6.5.3 || ^7.4.0"
      }
    },
    "node_modules/@angular/common": {
      "version": "17.3.12",
      "resolved": "https://registry.npmjs.org/@angular/common/-/common-17.3.12.tgz",
      "integrity": "sha512-vabJzvrx76XXFrm1RJZ6o/CyG32piTB/1sfFfKHdlH1QrmArb8It4gyk9oEjZ1IkAD0HvBWlfWmn+T6Vx3pdUw==",
      "peer": true,
      "dependencies": {
        "tslib": "^2.3.0"
      },
      "engines": {
        "node": "^18.13.0 || >=20.9.0"
      },
      "peerDependencies": {
        "@angular/core": "17.3.12",
        "rxjs": "^6.5.3 || ^7.4.0"
      }
    },
    "node_modules/@angular/core": {
      "version": "17.3.12",
      "resolved": "https://registry.npmjs.org/@angular/core/-/core-17.3.12.tgz",
      "integrity": "sha512-MuFt5yKi161JmauUta4Dh0m8ofwoq6Ino+KoOtkYMBGsSx+A7dSm+DUxxNwdj7+DNyg3LjVGCFgBFnq4g8z06A==",
      "peer": true,
      "dependencies": {
        "tslib": "^2.3.0"
      },
      "engines": {
        "node": "^18.13.0 || >=20.9.0"
      },
      "peerDependencies": {
        "rxjs": "^6.5.3 || ^7.4.0",
        "zone.js": "~0.14.0"
      }
    },
    "node_modules/@angular/forms": {
      "version": "17.3.12",
      "resolved": "https://registry.npmjs.org/@angular/forms/-/forms-17.3.12.tgz",
      "integrity": "sha512-tV6r12Q3yEUlXwpVko4E+XscunTIpPkLbaiDn/MTL3Vxi2LZnsLgHyd/i38HaHN+e/H3B0a1ToSOhV5wf3ay4Q==",
      "peer": true,
      "dependencies": {
        "tslib": "^2.3.0"
      },
      "engines": {
        "node": "^18.13.0 || >=20.9.0"
      },
      "peerDependencies": {
        "@angular/common": "17.3.12",
        "@angular/core": "17.3.12",
        "@angular/platform-browser": "17.3.12",
        "rxjs": "^6.5.3 || ^7.4.0"
      }
    },
    "node_modules/@angular/platform-browser": {
      "version": "17.3.12",
      "resolved": "https://registry.npmjs.org/@angular/platform-browser/-/platform-browser-17.3.12.tgz",
      "integrity": "sha512-DYY04ptWh/ulMHzd+y52WCE8QnEYGeIiW3hEIFjCN8z0kbIdFdUtEB0IK5vjNL3ejyhUmphcpeT5PYf3YXtqWQ==",
      "peer": true,
      "dependencies": {
        "tslib": "^2.3.0"
      },
      "engines": {
        "node": "^18.13.0 || >=20.9.0"
      },
      "peerDependencies": {
        "@angular/animations": "17.3.12",
        "@angular/common": "17.3.12",
        "@angular/core": "17.3.12"
      },
      "peerDependenciesMeta": {
        "@angular/animations": {
          "optional": true
        }
      }
    },
    "node_modules/@angular/router": {
      "version": "17.3.12",
      "resolved": "https://registry.npmjs.org/@angular/router/-/router-17.3.12.tgz",
      "integrity": "sha512-dg7PHBSW9fmPKTVzwvHEeHZPZdpnUqW/U7kj8D29HTP9ur8zZnx9QcnbplwPeYb8yYa62JMnZSEel2X4PxdYBg==",
      "peer": true,
      "dependencies": {
        "tslib": "^2.3.0"
      },
      "engines": {
        "node": "^18.13.0 || >=20.9.0"
      },
      "peerDependencies": {
        "@angular/common": "17.3.12",
        "@angular/core": "17.3.12",
        "@angular/platform-browser": "17.3.12",
        "rxjs": "^6.5.3 || ^7.4.0"
      }
    },
    "node_modules/@ant-design/colors": {
      "version": "7.2.0",
      "resolved": "https://registry.npmjs.org/@ant-design/colors/-/colors-7.2.0.tgz",
      "integrity": "sha512-bjTObSnZ9C/O8MB/B4OUtd/q9COomuJAR2SYfhxLyHvCKn4EKwCN3e+fWGMo7H5InAyV0wL17jdE9ALrdOW/6A==",
      "peer": true,
      "dependencies": {
        "@ant-design/fast-color": "^2.0.6"
      }
    },
    "node_modules/@ant-design/fast-color": {
      "version": "2.0.6",
      "resolved": "https://registry.npmjs.org/@ant-design/fast-color/-/fast-color-2.0.6.tgz",
      "integrity": "sha512-y2217gk4NqL35giHl72o6Zzqji9O7vHh9YmhUVkPtAOpoTCH4uWxo/pr4VE8t0+ChEPs0qo4eJRC5Q1eXWo3vA==",
      "peer": true,
      "dependencies": {
        "@babel/runtime": "^7.24.7"
      },
      "engines": {
        "node": ">=8.x"
      }
    },
    "node_modules/@ant-design/icons-angular": {
      "version": "17.0.0",
      "resolved": "https://registry.npmjs.org/@ant-design/icons-angular/-/icons-angular-17.0.0.tgz",
      "integrity": "sha512-MNEh3UbkSl6gkdb5MQRNHEuWI1DnU1dME9zSymnWCipEXN7MB0mcYHSfyYTqKL1j45ftp6l1UnsLvhokRYyhXA==",
      "peer": true,
      "dependencies": {
        "@ant-design/colors": "^7.0.0",
        "tslib": "^2.0.0"
      },
      "peerDependencies": {
        "@angular/common": "^17.0.1",
        "@angular/core": "^17.0.1",
        "@angular/platform-browser": "^17.0.1",
        "rxjs": "^6.4.0 || ^7.4.0"
      }
    },
    "node_modules/@babel/runtime": {
      "version": "7.26.7",
      "resolved": "https://registry.npmjs.org/@babel/runtime/-/runtime-7.26.7.tgz",
      "integrity": "sha512-AOPI3D+a8dXnja+iwsUqGRjr1BbZIe771sXdapOtYI531gSqpi92vXivKcq2asu/DFpdl1ceFAKZyRzK2PCVcQ==",
      "peer": true,
      "dependencies": {
        "regenerator-runtime": "^0.14.0"
      },
      "engines": {
        "node": ">=6.9.0"
      }
    },
    "node_modules/@ctrl/tinycolor": {
      "version": "4.1.0",
      "resolved": "https://registry.npmjs.org/@ctrl/tinycolor/-/tinycolor-4.1.0.tgz",
      "integrity": "sha512-WyOx8cJQ+FQus4Mm4uPIZA64gbk3Wxh0so5Lcii0aJifqwoVOlfFtorjLE0Hen4OYyHZMXDWqMmaQemBhgxFRQ==",
      "dev": true,
      "engines": {
        "node": ">=14"
      }
    },
    "node_modules/@icholy/duration": {
      "version": "5.0.0",
      "resolved": "https://registry.npmjs.org/@icholy/duration/-/duration-5.0.0.tgz",
      "integrity": "sha512-EgAM5pyM5CXwgZniydzIRPdyrlxFjhGNk4CSI1dAoHwiazN3/xtnP7Q/S+vYpptRUavQjvro51LmsextcPKj2A==",
      "peer": true
    },
    "node_modules/date-fns": {
      "version": "2.30.0",
      "resolved": "https://registry.npmjs.org/date-fns/-/date-fns-2.30.0.tgz",
      "integrity": "sha512-fnULvOpxnC5/Vg3NCiWelDsLiUc9bRwAPs/+LfTLNvetFCtCTN+yQz15C/fs4AwX1R9K5GLtLfn8QW+dWisaAw==",
      "peer": true,
      "dependencies": {
        "@babel/runtime": "^7.21.0"
      },
      "engines": {
        "node": ">=0.11"
      },
      "funding": {
        "type": "opencollective",
        "url": "https://opencollective.com/date-fns"
      }
    },
    "node_modules/entities": {
      "version": "4.5.0",
      "resolved": "https://registry.npmjs.org/entities/-/entities-4.5.0.tgz",
      "integrity": "sha512-V0hjH4dGPh9Ao5p0MoRY6BVqtwCjhz6vI5LT8AJ55H+4g9/4vbHx1I54fS0XuclLhDHArPQCiMjDxjaL8fPxhw==",
      "optional": true,
      "peer": true,
      "engines": {
        "node": ">=0.12"
      },
      "funding": {
        "url": "https://github.com/fb55/entities?sponsor=1"
      }
    },
    "node_modules/ng-zorro-antd": {
      "version": "17.4.1",
      "resolved": "https://registry.npmjs.org/ng-zorro-antd/-/ng-zorro-antd-17.4.1.tgz",
      "integrity": "sha512-KsMYFlRBFPK5FPPoaYIS/uzQ4400WFMLcA9/1LmYZcSgmeINlCvgfiitNcOVLsRyQYlpdIQyOo9z5Ue2SS9ypg==",
      "peer": true,
      "dependencies": {
        "@angular/cdk": "^17.0.0",
        "@ant-design/icons-angular": "^17.0.0",
        "date-fns": "^2.16.1",
        "tslib": "^2.3.0"
      },
      "peerDependencies": {
        "@angular/animations": "^17.0.0",
        "@angular/common": "^17.0.0",
        "@angular/core": "^17.0.0",
        "@angular/forms": "^17.0.0",
        "@angular/platform-browser": "^17.0.0",
        "@angular/router": "^17.0.0"
      }
    },
    "node_modules/parse5": {
      "version": "7.2.1",
      "resolved": "https://registry.npmjs.org/parse5/-/parse5-7.2.1.tgz",
      "integrity": "sha512-BuBYQYlv1ckiPdQi/ohiivi9Sagc9JG+Ozs0r7b/0iK3sKmrb0b9FdWdBbOdx6hBCM/F9Ir82ofnBhtZOjCRPQ==",
      "optional": true,
      "peer": true,
      "dependencies": {
        "entities": "^4.5.0"
      },
      "funding": {
        "url": "https://github.com/inikulin/parse5?sponsor=1"
      }
    },
    "node_modules/regenerator-runtime": {
      "version": "0.14.1",
      "resolved": "https://registry.npmjs.org/regenerator-runtime/-/regenerator-runtime-0.14.1.tgz",
      "integrity": "sha512-dYnhHh0nJoMfnkZs6GmmhFknAGRrLznOu5nc9ML+EJxGvrx6H7teuevqVqCuPcPK//3eDrrjQhehXVx9cnkGdw==",
      "peer": true
    },
    "node_modules/rxjs": {
      "version": "7.8.1",
      "resolved": "https://registry.npmjs.org/rxjs/-/rxjs-7.8.1.tgz",
      "integrity": "sha512-AA3TVj+0A2iuIoQkWEK/tqFjBq2j+6PO6Y0zJcvzLAFhEFIO3HL0vls9hWLncZbAAbK0mar7oZ4V079I/qPMxg==",
      "peer": true,
      "dependencies": {
        "tslib": "^2.1.0"
      }
    },
    "node_modules/tslib": {
      "version": "2.3.0",
      "resolved": "https://registry.npmjs.org/tslib/-/tslib-2.3.0.tgz",
      "integrity": "sha512-N82ooyxVNm6h1riLCoyS9e3fuJ3AMG2zIZs2Gd1ATcSFjSA23Q0fzjjZeh0jbJvWVDZ0cJT8yaNNaaXHzueNjg=="
    },
    "node_modules/zone.js": {
      "version": "0.14.10",
      "resolved": "https://registry.npmjs.org/zone.js/-/zone.js-0.14.10.tgz",
      "integrity": "sha512-YGAhaO7J5ywOXW6InXNlLmfU194F8lVgu7bRntUF3TiG8Y3nBK0x1UJJuHUP/e8IyihkjCYqhCScpSwnlaSRkQ==",
      "peer": true
    }
  }
}
