{
  "name": "workflow-graph",
  "version": "1.0.0",
  "lockfileVersion": 3,
  "requires": true,
  "packages": {
    "": {
      "name": "workflow-graph",
      "version": "1.0.0",
      "dependencies": {
        "tslib": "2.8.1"
      },
      "devDependencies": {
        "@ctrl/tinycolor": "4.1.0"
      },
      "peerDependencies": {
        "@angular/common": "20.3.16",
        "@angular/core": "20.3.16",
        "@icholy/duration": "5.0.0",
        "ng-zorro-antd": "20.4.4",
        "ngx-moment": "6.0.2"
      }
    },
    "node_modules/@angular/animations": {
      "version": "20.3.16",
      "resolved": "https://registry.npmjs.org/@angular/animations/-/animations-20.3.16.tgz",
      "integrity": "sha512-N83/GFY5lKNyWgPV3xHHy2rb3/eP1ZLzSVI+dmMVbf3jbqwY1YPQcMiAG8UDzaILY1Dkus91kWLF8Qdr3nHAzg==",
      "license": "MIT",
      "peer": true,
      "dependencies": {
        "tslib": "^2.3.0"
      },
      "engines": {
        "node": "^20.19.0 || ^22.12.0 || >=24.0.0"
      },
      "peerDependencies": {
        "@angular/core": "20.3.16"
      }
    },
    "node_modules/@angular/cdk": {
      "version": "20.2.14",
      "resolved": "https://registry.npmjs.org/@angular/cdk/-/cdk-20.2.14.tgz",
      "integrity": "sha512-7bZxc01URbiPiIBWThQ69XwOxVduqEKN4PhpbF2AAyfMc/W8Hcr4VoIJOwL0O1Nkq5beS8pCAqoOeIgFyXd/kg==",
      "license": "MIT",
      "peer": true,
      "dependencies": {
        "parse5": "^8.0.0",
        "tslib": "^2.3.0"
      },
      "peerDependencies": {
        "@angular/common": "^20.0.0 || ^21.0.0",
        "@angular/core": "^20.0.0 || ^21.0.0",
        "rxjs": "^6.5.3 || ^7.4.0"
      }
    },
    "node_modules/@angular/common": {
      "version": "20.3.16",
      "resolved": "https://registry.npmjs.org/@angular/common/-/common-20.3.16.tgz",
      "integrity": "sha512-GRAziNlntwdnJy3F+8zCOvDdy7id0gITjDnM6P9+n2lXvtDuBLGJKU3DWBbvxcCjtD6JK/g/rEX5fbCxbUHkQQ==",
      "license": "MIT",
      "peer": true,
      "dependencies": {
        "tslib": "^2.3.0"
      },
      "engines": {
        "node": "^20.19.0 || ^22.12.0 || >=24.0.0"
      },
      "peerDependencies": {
        "@angular/core": "20.3.16",
        "rxjs": "^6.5.3 || ^7.4.0"
      }
    },
    "node_modules/@angular/core": {
      "version": "20.3.16",
      "resolved": "https://registry.npmjs.org/@angular/core/-/core-20.3.16.tgz",
      "integrity": "sha512-KSFPKvOmWWLCJBbEO+CuRUXfecX2FRuO0jNi9c54ptXMOPHlK1lIojUnyXmMNzjdHgRug8ci9qDuftvC2B7MKg==",
      "license": "MIT",
      "peer": true,
      "dependencies": {
        "tslib": "^2.3.0"
      },
      "engines": {
        "node": "^20.19.0 || ^22.12.0 || >=24.0.0"
      },
      "peerDependencies": {
        "@angular/compiler": "20.3.16",
        "rxjs": "^6.5.3 || ^7.4.0",
        "zone.js": "~0.15.0"
      },
      "peerDependenciesMeta": {
        "@angular/compiler": {
          "optional": true
        },
        "zone.js": {
          "optional": true
        }
      }
    },
    "node_modules/@angular/forms": {
      "version": "20.3.16",
      "resolved": "https://registry.npmjs.org/@angular/forms/-/forms-20.3.16.tgz",
      "integrity": "sha512-1yzbXpExTqATpVcqA3wGrq4ACFIP3mRxA4pbso5KoJU+/4JfzNFwLsDaFXKpm5uxwchVnj8KM2vPaDOkvtp7NA==",
      "license": "MIT",
      "peer": true,
      "dependencies": {
        "tslib": "^2.3.0"
      },
      "engines": {
        "node": "^20.19.0 || ^22.12.0 || >=24.0.0"
      },
      "peerDependencies": {
        "@angular/common": "20.3.16",
        "@angular/core": "20.3.16",
        "@angular/platform-browser": "20.3.16",
        "rxjs": "^6.5.3 || ^7.4.0"
      }
    },
    "node_modules/@angular/platform-browser": {
      "version": "20.3.16",
      "resolved": "https://registry.npmjs.org/@angular/platform-browser/-/platform-browser-20.3.16.tgz",
      "integrity": "sha512-YsrLS6vyS77i4pVHg4gdSBW74qvzHjpQRTVQ5Lv/OxIjJdYYYkMmjNalCNgy1ZuyY6CaLIB11ccxhrNnxfKGOQ==",
      "license": "MIT",
      "peer": true,
      "dependencies": {
        "tslib": "^2.3.0"
      },
      "engines": {
        "node": "^20.19.0 || ^22.12.0 || >=24.0.0"
      },
      "peerDependencies": {
        "@angular/animations": "20.3.16",
        "@angular/common": "20.3.16",
        "@angular/core": "20.3.16"
      },
      "peerDependenciesMeta": {
        "@angular/animations": {
          "optional": true
        }
      }
    },
    "node_modules/@angular/router": {
      "version": "20.3.16",
      "resolved": "https://registry.npmjs.org/@angular/router/-/router-20.3.16.tgz",
      "integrity": "sha512-e1LiQFZaajKqc00cY5FboIrWJZSMnZ64GDp5R0UejritYrqorQQQNOqP1W85BMuY2owibMmxVfX+dJg/Mc8PuQ==",
      "license": "MIT",
      "peer": true,
      "dependencies": {
        "tslib": "^2.3.0"
      },
      "engines": {
        "node": "^20.19.0 || ^22.12.0 || >=24.0.0"
      },
      "peerDependencies": {
        "@angular/common": "20.3.16",
        "@angular/core": "20.3.16",
        "@angular/platform-browser": "20.3.16",
        "rxjs": "^6.5.3 || ^7.4.0"
      }
    },
    "node_modules/@ant-design/colors": {
      "version": "7.2.1",
      "resolved": "https://registry.npmjs.org/@ant-design/colors/-/colors-7.2.1.tgz",
      "integrity": "sha512-lCHDcEzieu4GA3n8ELeZ5VQ8pKQAWcGGLRTQ50aQM2iqPpq2evTxER84jfdPvsPAtEcZ7m44NI45edFMo8oOYQ==",
      "license": "MIT",
      "peer": true,
      "dependencies": {
        "@ant-design/fast-color": "^2.0.6"
      }
    },
    "node_modules/@ant-design/fast-color": {
      "version": "2.0.6",
      "resolved": "https://registry.npmjs.org/@ant-design/fast-color/-/fast-color-2.0.6.tgz",
      "integrity": "sha512-y2217gk4NqL35giHl72o6Zzqji9O7vHh9YmhUVkPtAOpoTCH4uWxo/pr4VE8t0+ChEPs0qo4eJRC5Q1eXWo3vA==",
      "license": "MIT",
      "peer": true,
      "dependencies": {
        "@babel/runtime": "^7.24.7"
      },
      "engines": {
        "node": ">=8.x"
      }
    },
    "node_modules/@ant-design/icons-angular": {
      "version": "20.0.0",
      "resolved": "https://registry.npmjs.org/@ant-design/icons-angular/-/icons-angular-20.0.0.tgz",
      "integrity": "sha512-KMTytjYxprCI/oOEs0KoxNUsT5g+DVCp5JMMgDOSlSpyTpWg5P54kea0398v8urr4QJFpoCucJshFZ8+uv67cA==",
      "license": "MIT",
      "peer": true,
      "dependencies": {
        "@ant-design/colors": "^7.0.0",
        "tslib": "^2.0.0"
      },
      "peerDependencies": {
        "@angular/common": "^20.0.0",
        "@angular/core": "^20.0.0",
        "@angular/platform-browser": "^20.0.0",
        "rxjs": "^6.5.3 || ^7.4.0"
      }
    },
    "node_modules/@babel/runtime": {
      "version": "7.28.6",
      "resolved": "https://registry.npmjs.org/@babel/runtime/-/runtime-7.28.6.tgz",
      "integrity": "sha512-05WQkdpL9COIMz4LjTxGpPNCdlpyimKppYNoJ5Di5EUObifl8t4tuLuUBBZEpoLYOmfvIWrsp9fCl0HoPRVTdA==",
      "license": "MIT",
      "peer": true,
      "engines": {
        "node": ">=6.9.0"
      }
    },
    "node_modules/@ctrl/tinycolor": {
      "version": "4.1.0",
      "resolved": "https://registry.npmjs.org/@ctrl/tinycolor/-/tinycolor-4.1.0.tgz",
      "integrity": "sha512-WyOx8cJQ+FQus4Mm4uPIZA64gbk3Wxh0so5Lcii0aJifqwoVOlfFtorjLE0Hen4OYyHZMXDWqMmaQemBhgxFRQ==",
      "dev": true,
      "license": "MIT",
      "engines": {
        "node": ">=14"
      }
    },
    "node_modules/@icholy/duration": {
      "version": "5.0.0",
      "resolved": "https://registry.npmjs.org/@icholy/duration/-/duration-5.0.0.tgz",
      "integrity": "sha512-EgAM5pyM5CXwgZniydzIRPdyrlxFjhGNk4CSI1dAoHwiazN3/xtnP7Q/S+vYpptRUavQjvro51LmsextcPKj2A==",
      "license": "MIT",
      "peer": true
    },
    "node_modules/date-fns": {
      "version": "2.30.0",
      "resolved": "https://registry.npmjs.org/date-fns/-/date-fns-2.30.0.tgz",
      "integrity": "sha512-fnULvOpxnC5/Vg3NCiWelDsLiUc9bRwAPs/+LfTLNvetFCtCTN+yQz15C/fs4AwX1R9K5GLtLfn8QW+dWisaAw==",
      "license": "MIT",
      "peer": true,
      "dependencies": {
        "@babel/runtime": "^7.21.0"
      },
      "engines": {
        "node": ">=0.11"
      },
      "funding": {
        "type": "opencollective",
        "url": "https://opencollective.com/date-fns"
      }
    },
    "node_modules/entities": {
      "version": "6.0.1",
      "resolved": "https://registry.npmjs.org/entities/-/entities-6.0.1.tgz",
      "integrity": "sha512-aN97NXWF6AWBTahfVOIrB/NShkzi5H7F9r1s9mD3cDj4Ko5f2qhhVoYMibXF7GlLveb/D2ioWay8lxI97Ven3g==",
      "license": "BSD-2-Clause",
      "peer": true,
      "engines": {
        "node": ">=0.12"
      },
      "funding": {
        "url": "https://github.com/fb55/entities?sponsor=1"
      }
    },
    "node_modules/moment": {
      "version": "2.30.1",
      "resolved": "https://registry.npmjs.org/moment/-/moment-2.30.1.tgz",
      "integrity": "sha512-uEmtNhbDOrWPFS+hdjFCBfy9f2YoyzRpwcl+DqpC6taX21FzsTLQVbMV/W7PzNSX6x/bhC1zA3c2UQ5NzH6how==",
      "license": "MIT",
      "peer": true,
      "engines": {
        "node": "*"
      }
    },
    "node_modules/ng-zorro-antd": {
      "version": "20.4.4",
      "resolved": "https://registry.npmjs.org/ng-zorro-antd/-/ng-zorro-antd-20.4.4.tgz",
      "integrity": "sha512-/O9yMBU0gdD9hw4ZzSOgq2MwlE4bCArY7jkeW4wFfwtDRvVCuzYOwdiO1bEUukaLCBx7NyU4bpNdd8SH9BxgxQ==",
      "license": "MIT",
      "peer": true,
      "dependencies": {
        "@angular/cdk": "^20.0.0",
        "@ant-design/icons-angular": "^20.0.0",
        "@ctrl/tinycolor": "^3.6.0",
        "date-fns": "^2.16.1",
        "tslib": "^2.3.0"
      },
      "peerDependencies": {
        "@angular/animations": "^20.0.0",
        "@angular/common": "^20.0.0",
        "@angular/core": "^20.0.0",
        "@angular/forms": "^20.0.0",
        "@angular/platform-browser": "^20.0.0",
        "@angular/router": "^20.0.0"
      }
    },
    "node_modules/ng-zorro-antd/node_modules/@ctrl/tinycolor": {
      "version": "3.6.1",
      "resolved": "https://registry.npmjs.org/@ctrl/tinycolor/-/tinycolor-3.6.1.tgz",
      "integrity": "sha512-SITSV6aIXsuVNV3f3O0f2n/cgyEDWoSqtZMYiAmcsYHydcKrOz3gUxB/iXd/Qf08+IZX4KpgNbvUdMBmWz+kcA==",
      "license": "MIT",
      "peer": true,
      "engines": {
        "node": ">=10"
      }
    },
    "node_modules/ngx-moment": {
      "version": "6.0.2",
      "resolved": "https://registry.npmjs.org/ngx-moment/-/ngx-moment-6.0.2.tgz",
      "integrity": "sha512-HUvDyoJPZKLA3tc+GMQqDpVyCVT2SPfEiV7/CGj2Dwwsn//JhhQ8eTr+RzKqBzLysrXkCwlzulVVJaJ5A0FJEA==",
      "license": "MIT",
      "peer": true,
      "dependencies": {
        "tslib": "^2.3.0"
      },
      "peerDependencies": {
        "moment": "^2.19.3"
      }
    },
    "node_modules/parse5": {
      "version": "8.0.0",
      "resolved": "https://registry.npmjs.org/parse5/-/parse5-8.0.0.tgz",
      "integrity": "sha512-9m4m5GSgXjL4AjumKzq1Fgfp3Z8rsvjRNbnkVwfu2ImRqE5D0LnY2QfDen18FSY9C573YU5XxSapdHZTZ2WolA==",
      "license": "MIT",
      "peer": true,
      "dependencies": {
        "entities": "^6.0.0"
      },
      "funding": {
        "url": "https://github.com/inikulin/parse5?sponsor=1"
      }
    },
    "node_modules/rxjs": {
      "version": "7.8.2",
      "resolved": "https://registry.npmjs.org/rxjs/-/rxjs-7.8.2.tgz",
      "integrity": "sha512-dhKf903U/PQZY6boNNtAGdWbG85WAbjT/1xYoZIC7FAY0yWapOBQVsVrDl58W86//e1VpMNBtRV4MaXfdMySFA==",
      "license": "Apache-2.0",
      "peer": true,
      "dependencies": {
        "tslib": "^2.1.0"
      }
    },
    "node_modules/tslib": {
      "version": "2.8.1",
      "resolved": "https://registry.npmjs.org/tslib/-/tslib-2.8.1.tgz",
      "integrity": "sha512-oJFu94HQb+KVduSUQL7wnpmqnfmLsOA/nAh6b6EH0wCEoK0/mPeXU6c3wKDV83MkOuHPRHtSXKKU99IBazS/2w==",
      "license": "0BSD"
    }
  }
}
