{
  "name": "workflow-graph",
  "version": "1.0.0",
  "lockfileVersion": 3,
  "requires": true,
  "packages": {
    "": {
      "name": "workflow-graph",
      "version": "1.0.0",
      "dependencies": {
        "tslib": "2.3.0"
      },
      "devDependencies": {
        "@ctrl/tinycolor": "4.1.0"
      },
      "peerDependencies": {
        "@angular/common": "19.2.18",
        "@angular/core": "19.2.18",
        "@icholy/duration": "5.0.0",
        "ng-zorro-antd": "19.3.1",
        "ngx-moment": "6.0.2"
      }
    },
    "node_modules/@angular/animations": {
      "version": "19.2.18",
      "resolved": "https://registry.npmjs.org/@angular/animations/-/animations-19.2.18.tgz",
      "integrity": "sha512-c76x1t+OiSstPsvJdHmV8Q4taF+8SxWKqiY750fOjpd01it4jJbU6YQqIroC6Xie7154zZIxOTHH2uTj+nm5qA==",
      "peer": true,
      "dependencies": {
        "tslib": "^2.3.0"
      },
      "engines": {
        "node": "^18.19.1 || ^20.11.1 || >=22.0.0"
      },
      "peerDependencies": {
        "@angular/common": "19.2.18",
        "@angular/core": "19.2.18"
      }
    },
    "node_modules/@angular/cdk": {
      "version": "19.2.19",
      "resolved": "https://registry.npmjs.org/@angular/cdk/-/cdk-19.2.19.tgz",
      "integrity": "sha512-PCpJagurPBqciqcq4Z8+3OtKLb7rSl4w/qBJoIMua8CgnrjvA1i+SWawhdtfI1zlY8FSwhzLwXV0CmWWfFzQPg==",
      "peer": true,
      "dependencies": {
        "parse5": "^7.1.2",
        "tslib": "^2.3.0"
      },
      "peerDependencies": {
        "@angular/common": "^19.0.0 || ^20.0.0",
        "@angular/core": "^19.0.0 || ^20.0.0",
        "rxjs": "^6.5.3 || ^7.4.0"
      }
    },
    "node_modules/@angular/common": {
      "version": "19.2.18",
      "resolved": "https://registry.npmjs.org/@angular/common/-/common-19.2.18.tgz",
      "integrity": "sha512-CrV02Omzw/QtfjlEVXVPJVXipdx83NuA+qSASZYrxrhKFusUZyK3P/Zznqg+wiAeNDbedQwMUVqoAARHf0xQrw==",
      "peer": true,
      "dependencies": {
        "tslib": "^2.3.0"
      },
      "engines": {
        "node": "^18.19.1 || ^20.11.1 || >=22.0.0"
      },
      "peerDependencies": {
        "@angular/core": "19.2.18",
        "rxjs": "^6.5.3 || ^7.4.0"
      }
    },
    "node_modules/@angular/core": {
      "version": "19.2.18",
      "resolved": "https://registry.npmjs.org/@angular/core/-/core-19.2.18.tgz",
      "integrity": "sha512-+QRrf0Igt8ccUWXHA+7doK5W6ODyhHdqVyblSlcQ8OciwkzIIGGEYNZom5OZyWMh+oI54lcSeyV2O3xaDepSrQ==",
      "peer": true,
      "dependencies": {
        "tslib": "^2.3.0"
      },
      "engines": {
        "node": "^18.19.1 || ^20.11.1 || >=22.0.0"
      },
      "peerDependencies": {
        "rxjs": "^6.5.3 || ^7.4.0",
        "zone.js": "~0.15.0"
      }
    },
    "node_modules/@angular/forms": {
      "version": "19.2.18",
      "resolved": "https://registry.npmjs.org/@angular/forms/-/forms-19.2.18.tgz",
      "integrity": "sha512-pe40934jWhoS7DyGl7jyZdoj1gvBgur2t1zrJD+csEkTitYnW14+La2Pv6SW1pNX5nIzFsgsS9Nex1KcH5S6Tw==",
      "peer": true,
      "dependencies": {
        "tslib": "^2.3.0"
      },
      "engines": {
        "node": "^18.19.1 || ^20.11.1 || >=22.0.0"
      },
      "peerDependencies": {
        "@angular/common": "19.2.18",
        "@angular/core": "19.2.18",
        "@angular/platform-browser": "19.2.18",
        "rxjs": "^6.5.3 || ^7.4.0"
      }
    },
    "node_modules/@angular/platform-browser": {
      "version": "19.2.18",
      "resolved": "https://registry.npmjs.org/@angular/platform-browser/-/platform-browser-19.2.18.tgz",
      "integrity": "sha512-eahtsHPyXTYLARs9YOlXhnXGgzw0wcyOcDkBvNWK/3lA0NHIgIHmQgXAmBo+cJ+g9skiEQTD2OmSrrwbFKWJkw==",
      "peer": true,
      "dependencies": {
        "tslib": "^2.3.0"
      },
      "engines": {
        "node": "^18.19.1 || ^20.11.1 || >=22.0.0"
      },
      "peerDependencies": {
        "@angular/animations": "19.2.18",
        "@angular/common": "19.2.18",
        "@angular/core": "19.2.18"
      },
      "peerDependenciesMeta": {
        "@angular/animations": {
          "optional": true
        }
      }
    },
    "node_modules/@angular/router": {
      "version": "19.2.18",
      "resolved": "https://registry.npmjs.org/@angular/router/-/router-19.2.18.tgz",
      "integrity": "sha512-7cimxtPODSwokFQ0TRYzX0ad8Yjrl0MJfzaDCJejd1n/q7RZ7KZmHd0DS/LkDNXVMEh4swr00fK+3YWG/Szsrg==",
      "peer": true,
      "dependencies": {
        "tslib": "^2.3.0"
      },
      "engines": {
        "node": "^18.19.1 || ^20.11.1 || >=22.0.0"
      },
      "peerDependencies": {
        "@angular/common": "19.2.18",
        "@angular/core": "19.2.18",
        "@angular/platform-browser": "19.2.18",
        "rxjs": "^6.5.3 || ^7.4.0"
      }
    },
    "node_modules/@ant-design/colors": {
      "version": "7.2.1",
      "resolved": "https://registry.npmjs.org/@ant-design/colors/-/colors-7.2.1.tgz",
      "integrity": "sha512-lCHDcEzieu4GA3n8ELeZ5VQ8pKQAWcGGLRTQ50aQM2iqPpq2evTxER84jfdPvsPAtEcZ7m44NI45edFMo8oOYQ==",
      "peer": true,
      "dependencies": {
        "@ant-design/fast-color": "^2.0.6"
      }
    },
    "node_modules/@ant-design/fast-color": {
      "version": "2.0.6",
      "resolved": "https://registry.npmjs.org/@ant-design/fast-color/-/fast-color-2.0.6.tgz",
      "integrity": "sha512-y2217gk4NqL35giHl72o6Zzqji9O7vHh9YmhUVkPtAOpoTCH4uWxo/pr4VE8t0+ChEPs0qo4eJRC5Q1eXWo3vA==",
      "peer": true,
      "dependencies": {
        "@babel/runtime": "^7.24.7"
      },
      "engines": {
        "node": ">=8.x"
      }
    },
    "node_modules/@ant-design/icons-angular": {
      "version": "19.0.0",
      "resolved": "https://registry.npmjs.org/@ant-design/icons-angular/-/icons-angular-19.0.0.tgz",
      "integrity": "sha512-bBWFA1cTZwLAFTgpozkeNIHX1nXyZuiUaRzTcAfFEt85eW1X3ypMcBfS/XEVVVzkdTw5Td+E1vwzgfuUlKiYSA==",
      "peer": true,
      "dependencies": {
        "@ant-design/colors": "^7.0.0",
        "tslib": "^2.0.0"
      },
      "peerDependencies": {
        "@angular/common": "^19.0.0",
        "@angular/core": "^19.0.0",
        "@angular/platform-browser": "^19.0.0",
        "rxjs": "^6.5.3 || ^7.4.0"
      }
    },
    "node_modules/@babel/runtime": {
      "version": "7.28.6",
      "resolved": "https://registry.npmjs.org/@babel/runtime/-/runtime-7.28.6.tgz",
      "integrity": "sha512-05WQkdpL9COIMz4LjTxGpPNCdlpyimKppYNoJ5Di5EUObifl8t4tuLuUBBZEpoLYOmfvIWrsp9fCl0HoPRVTdA==",
      "peer": true,
      "engines": {
        "node": ">=6.9.0"
      }
    },
    "node_modules/@ctrl/tinycolor": {
      "version": "4.1.0",
      "resolved": "https://registry.npmjs.org/@ctrl/tinycolor/-/tinycolor-4.1.0.tgz",
      "integrity": "sha512-WyOx8cJQ+FQus4Mm4uPIZA64gbk3Wxh0so5Lcii0aJifqwoVOlfFtorjLE0Hen4OYyHZMXDWqMmaQemBhgxFRQ==",
      "dev": true,
      "engines": {
        "node": ">=14"
      }
    },
    "node_modules/@icholy/duration": {
      "version": "5.0.0",
      "resolved": "https://registry.npmjs.org/@icholy/duration/-/duration-5.0.0.tgz",
      "integrity": "sha512-EgAM5pyM5CXwgZniydzIRPdyrlxFjhGNk4CSI1dAoHwiazN3/xtnP7Q/S+vYpptRUavQjvro51LmsextcPKj2A==",
      "peer": true
    },
    "node_modules/date-fns": {
      "version": "2.30.0",
      "resolved": "https://registry.npmjs.org/date-fns/-/date-fns-2.30.0.tgz",
      "integrity": "sha512-fnULvOpxnC5/Vg3NCiWelDsLiUc9bRwAPs/+LfTLNvetFCtCTN+yQz15C/fs4AwX1R9K5GLtLfn8QW+dWisaAw==",
      "peer": true,
      "dependencies": {
        "@babel/runtime": "^7.21.0"
      },
      "engines": {
        "node": ">=0.11"
      },
      "funding": {
        "type": "opencollective",
        "url": "https://opencollective.com/date-fns"
      }
    },
    "node_modules/entities": {
      "version": "6.0.1",
      "resolved": "https://registry.npmjs.org/entities/-/entities-6.0.1.tgz",
      "integrity": "sha512-aN97NXWF6AWBTahfVOIrB/NShkzi5H7F9r1s9mD3cDj4Ko5f2qhhVoYMibXF7GlLveb/D2ioWay8lxI97Ven3g==",
      "peer": true,
      "engines": {
        "node": ">=0.12"
      },
      "funding": {
        "url": "https://github.com/fb55/entities?sponsor=1"
      }
    },
    "node_modules/moment": {
      "version": "2.30.1",
      "resolved": "https://registry.npmjs.org/moment/-/moment-2.30.1.tgz",
      "integrity": "sha512-uEmtNhbDOrWPFS+hdjFCBfy9f2YoyzRpwcl+DqpC6taX21FzsTLQVbMV/W7PzNSX6x/bhC1zA3c2UQ5NzH6how==",
      "peer": true,
      "engines": {
        "node": "*"
      }
    },
    "node_modules/ng-zorro-antd": {
      "version": "19.3.1",
      "resolved": "https://registry.npmjs.org/ng-zorro-antd/-/ng-zorro-antd-19.3.1.tgz",
      "integrity": "sha512-EyYbUcnoF1AQmjA0QDtw+VDy2frhz2i0EqrnE8j+PC78MqerQMTBGmVS7igU6Xd8Y1QLQMvzgrv9lEduHygjjQ==",
      "peer": true,
      "dependencies": {
        "@angular/cdk": "^19.0.0",
        "@ant-design/icons-angular": "^19.0.0",
        "@ctrl/tinycolor": "^3.6.0",
        "date-fns": "^2.16.1",
        "tslib": "^2.3.0"
      },
      "peerDependencies": {
        "@angular/animations": "^19.0.0",
        "@angular/common": "^19.0.0",
        "@angular/core": "^19.0.0",
        "@angular/forms": "^19.0.0",
        "@angular/platform-browser": "^19.0.0",
        "@angular/router": "^19.0.0"
      }
    },
    "node_modules/ng-zorro-antd/node_modules/@ctrl/tinycolor": {
      "version": "3.6.1",
      "resolved": "https://registry.npmjs.org/@ctrl/tinycolor/-/tinycolor-3.6.1.tgz",
      "integrity": "sha512-SITSV6aIXsuVNV3f3O0f2n/cgyEDWoSqtZMYiAmcsYHydcKrOz3gUxB/iXd/Qf08+IZX4KpgNbvUdMBmWz+kcA==",
      "peer": true,
      "engines": {
        "node": ">=10"
      }
    },
    "node_modules/ngx-moment": {
      "version": "6.0.2",
      "resolved": "https://registry.npmjs.org/ngx-moment/-/ngx-moment-6.0.2.tgz",
      "integrity": "sha512-HUvDyoJPZKLA3tc+GMQqDpVyCVT2SPfEiV7/CGj2Dwwsn//JhhQ8eTr+RzKqBzLysrXkCwlzulVVJaJ5A0FJEA==",
      "peer": true,
      "dependencies": {
        "tslib": "^2.3.0"
      },
      "peerDependencies": {
        "moment": "^2.19.3"
      }
    },
    "node_modules/parse5": {
      "version": "7.3.0",
      "resolved": "https://registry.npmjs.org/parse5/-/parse5-7.3.0.tgz",
      "integrity": "sha512-IInvU7fabl34qmi9gY8XOVxhYyMyuH2xUNpb2q8/Y+7552KlejkRvqvD19nMoUW/uQGGbqNpA6Tufu5FL5BZgw==",
      "peer": true,
      "dependencies": {
        "entities": "^6.0.0"
      },
      "funding": {
        "url": "https://github.com/inikulin/parse5?sponsor=1"
      }
    },
    "node_modules/rxjs": {
      "version": "7.8.2",
      "resolved": "https://registry.npmjs.org/rxjs/-/rxjs-7.8.2.tgz",
      "integrity": "sha512-dhKf903U/PQZY6boNNtAGdWbG85WAbjT/1xYoZIC7FAY0yWapOBQVsVrDl58W86//e1VpMNBtRV4MaXfdMySFA==",
      "peer": true,
      "dependencies": {
        "tslib": "^2.1.0"
      }
    },
    "node_modules/tslib": {
      "version": "2.3.0",
      "resolved": "https://registry.npmjs.org/tslib/-/tslib-2.3.0.tgz",
      "integrity": "sha512-N82ooyxVNm6h1riLCoyS9e3fuJ3AMG2zIZs2Gd1ATcSFjSA23Q0fzjjZeh0jbJvWVDZ0cJT8yaNNaaXHzueNjg=="
    },
    "node_modules/zone.js": {
      "version": "0.15.1",
      "resolved": "https://registry.npmjs.org/zone.js/-/zone.js-0.15.1.tgz",
      "integrity": "sha512-XE96n56IQpJM7NAoXswY3XRLcWFW83xe0BiAOeMD7K5k5xecOeul3Qcpx6GqEeeHNkW5DWL5zOyTbEfB4eti8w==",
      "peer": true
    }
  }
}
