dependencies:
- name: postgresql
  repository: https://kubernetes-charts.storage.googleapis.com/
  version: 8.0.0
- name: redis
  repository: https://kubernetes-charts.storage.googleapis.com/
  version: 10.4.2
- name: elasticsearch
  repository: https://kubernetes-charts.storage.googleapis.com/
  version: 1.32.2
digest: sha256:fb87f42218fe8a69a1650623667a5525e130d1b376556fb50b18c590aab080da
generated: 2020-02-10T17:02:16.495546+01:00
