dependencies:
- name: postgresql
  repository: https://kubernetes-charts.storage.googleapis.com/
  version: 0.13.1
- name: redis
  repository: https://kubernetes-charts.storage.googleapis.com/
  version: 3.3.5
- name: elasticsearch
  repository: https://kubernetes-charts.storage.googleapis.com/
  version: 1.11.1
digest: sha256:8d2c2d7d9d4b5fdaf1f0bc7553678e234e48ea6a4dbd449f332fd530bfb8ceba
generated: 2018-10-24T08:59:04.364687+02:00
